
Microsoft Visual Studio Solution File, Format Version 12.00
# Visual Studio 15
VisualStudioVersion = 15.0.26510.0
MinimumVisualStudioVersion = 10.0.40219.1
Project("{9A19103F-16F7-4668-BE54-9A1E7A4F7556}") = "Gcef.Data.Common", "Common\Gcef.Data.Common.csproj", "{AAAE5A6E-C20C-4106-BA63-658C0A3DBA32}"
EndProject
Project("{9A19103F-16F7-4668-BE54-9A1E7A4F7556}") = "Excel", "Excel\Excel.csproj", "{6F259165-5B7A-4F67-8F72-F438C1D33528}"
EndProject
Global
	GlobalSection(SolutionConfigurationPlatforms) = preSolution
		Debug|Any CPU = Debug|Any CPU
		Release|Any CPU = Release|Any CPU
	EndGlobalSection
	GlobalSection(ProjectConfigurationPlatforms) = postSolution
		{AAAE5A6E-C20C-4106-BA63-658C0A3DBA32}.Debug|Any CPU.ActiveCfg = Debug|Any CPU
		{AAAE5A6E-C20C-4106-BA63-658C0A3DBA32}.Debug|Any CPU.Build.0 = Debug|Any CPU
		{AAAE5A6E-C20C-4106-BA63-658C0A3DBA32}.Release|Any CPU.ActiveCfg = Release|Any CPU
		{AAAE5A6E-C20C-4106-BA63-658C0A3DBA32}.Release|Any CPU.Build.0 = Release|Any CPU
		{6F259165-5B7A-4F67-8F72-F438C1D33528}.Debug|Any CPU.ActiveCfg = Debug|Any CPU
		{6F259165-5B7A-4F67-8F72-F438C1D33528}.Debug|Any CPU.Build.0 = Debug|Any CPU
		{6F259165-5B7A-4F67-8F72-F438C1D33528}.Release|Any CPU.ActiveCfg = Release|Any CPU
		{6F259165-5B7A-4F67-8F72-F438C1D33528}.Release|Any CPU.Build.0 = Release|Any CPU
	EndGlobalSection
	GlobalSection(SolutionProperties) = preSolution
		HideSolutionNode = FALSE
	EndGlobalSection
EndGlobal
